
Microsoft Visual Studio Solution File, Format Version 12.00
# Visual Studio Version 17
VisualStudioVersion = 17.3.32825.248
MinimumVisualStudioVersion = 10.0.40219.1
Project("{FAE04EC0-301F-11D3-BF4B-00C04F79EFBC}") = "KN-API", "KN-API\KN-API.csproj", "{1ED37803-3BFB-4173-9075-4458E6120021}"
EndProject
Global
	GlobalSection(SolutionConfigurationPlatforms) = preSolution
		Debug|Any CPU = Debug|Any CPU
		Release|Any CPU = Release|Any CPU
	EndGlobalSection
	GlobalSection(ProjectConfigurationPlatforms) = postSolution
		{1ED37803-3BFB-4173-9075-4458E6120021}.Debug|Any CPU.ActiveCfg = Debug|Any CPU
		{1ED37803-3BFB-4173-9075-4458E6120021}.Debug|Any CPU.Build.0 = Debug|Any CPU
		{1ED37803-3BFB-4173-9075-4458E6120021}.Release|Any CPU.ActiveCfg = Release|Any CPU
		{1ED37803-3BFB-4173-9075-4458E6120021}.Release|Any CPU.Build.0 = Release|Any CPU
	EndGlobalSection
	GlobalSection(SolutionProperties) = preSolution
		HideSolutionNode = FALSE
	EndGlobalSection
	GlobalSection(ExtensibilityGlobals) = postSolution
		SolutionGuid = {AA17FD44-F8D3-4314-96C3-1E77EF97FB53}
	EndGlobalSection
EndGlobal
